
Microsoft Visual Studio Solution File, Format Version 12.00
# Visual Studio Version 16
VisualStudioVersion = 16.0.30907.101
MinimumVisualStudioVersion = 10.0.40219.1
Project("{9A19103F-16F7-4668-BE54-9A1E7A4F7556}") = "AspnetCore_GraphQL", "AspnetCore_GraphQL\AspnetCore_GraphQL.csproj", "{83F6BF17-9369-492C-A3AC-F98F677F73EE}"
EndProject
Global
	GlobalSection(SolutionConfigurationPlatforms) = preSolution
		Debug|Any CPU = Debug|Any CPU
		Release|Any CPU = Release|Any CPU
	EndGlobalSection
	GlobalSection(ProjectConfigurationPlatforms) = postSolution
		{83F6BF17-9369-492C-A3AC-F98F677F73EE}.Debug|Any CPU.ActiveCfg = Debug|Any CPU
		{83F6BF17-9369-492C-A3AC-F98F677F73EE}.Debug|Any CPU.Build.0 = Debug|Any CPU
		{83F6BF17-9369-492C-A3AC-F98F677F73EE}.Release|Any CPU.ActiveCfg = Release|Any CPU
		{83F6BF17-9369-492C-A3AC-F98F677F73EE}.Release|Any CPU.Build.0 = Release|Any CPU
	EndGlobalSection
	GlobalSection(SolutionProperties) = preSolution
		HideSolutionNode = FALSE
	EndGlobalSection
	GlobalSection(ExtensibilityGlobals) = postSolution
		SolutionGuid = {C14C1E8B-5714-4A78-B471-F08144B3E1BD}
	EndGlobalSection
EndGlobal
